// !$*UTF8*$!
{
	archiveVersion = 1;
	classes = {
	};
	objectVersion = 55;
	objects = {

/* Begin PBXBuildFile section */
		10A464833914BC1C58110896 /* libPods-AppsFlyerAIRExtension.a in Frameworks */ = {isa = PBXBuildFile; fileRef = B1BD065998DD20FE0B3946BE /* libPods-AppsFlyerAIRExtension.a */; };
		BD337F472A796DD300DD4501 /* AppsFlyerAIRExtension.m in Sources */ = {isa = PBXBuildFile; fileRef = BD337F462A796DD300DD4501 /* AppsFlyerAIRExtension.m */; };
		BD337F482A796DD300DD4501 /* AppsFlyerAIRExtension.h in CopyFiles */ = {isa = PBXBuildFile; fileRef = BD337F452A796DD300DD4501 /* AppsFlyerAIRExtension.h */; };
		BD337F5E2A79792200DD4501 /* AppsFlyerDelegate.m in Sources */ = {isa = PBXBuildFile; fileRef = BD337F5D2A79792200DD4501 /* AppsFlyerDelegate.m */; };
		BD337F5F2A79792200DD4501 /* AppsFlyerDelegate.m in Sources */ = {isa = PBXBuildFile; fileRef = BD337F5D2A79792200DD4501 /* AppsFlyerDelegate.m */; };
		BD337F602A79792D00DD4501 /* AppsFlyerAIRExtension.m in Sources */ = {isa = PBXBuildFile; fileRef = BD337F462A796DD300DD4501 /* AppsFlyerAIRExtension.m */; };
		CD708D2CAED59890507DDD7A /* libPods-AppsFlyerAIRExtension-Strict.a in Frameworks */ = {isa = PBXBuildFile; fileRef = 4B017CF9E3E1CB829D2B6DCD /* libPods-AppsFlyerAIRExtension-Strict.a */; };
/* End PBXBuildFile section */

/* Begin PBXCopyFilesBuildPhase section */
		BD337F402A796DD300DD4501 /* CopyFiles */ = {
			isa = PBXCopyFilesBuildPhase;
			buildActionMask = 2147483647;
			dstPath = "include/$(PRODUCT_NAME)";
			dstSubfolderSpec = 16;
			files = (
				BD337F482A796DD300DD4501 /* AppsFlyerAIRExtension.h in CopyFiles */,
			);
			runOnlyForDeploymentPostprocessing = 0;
		};
		BD337F502A796EE300DD4501 /* CopyFiles */ = {
			isa = PBXCopyFilesBuildPhase;
			buildActionMask = 2147483647;
			dstPath = "include/$(PRODUCT_NAME)";
			dstSubfolderSpec = 16;
			files = (
			);
			runOnlyForDeploymentPostprocessing = 0;
		};
/* End PBXCopyFilesBuildPhase section */

/* Begin PBXFileReference section */
		37EAC4330278F72BB3255DC8 /* Pods-AppsFlyerAIRExtension-Strict.release.xcconfig */ = {isa = PBXFileReference; includeInIndex = 1; lastKnownFileType = text.xcconfig; name = "Pods-AppsFlyerAIRExtension-Strict.release.xcconfig"; path = "Target Support Files/Pods-AppsFlyerAIRExtension-Strict/Pods-AppsFlyerAIRExtension-Strict.release.xcconfig"; sourceTree = "<group>"; };
		4B017CF9E3E1CB829D2B6DCD /* libPods-AppsFlyerAIRExtension-Strict.a */ = {isa = PBXFileReference; explicitFileType = archive.ar; includeInIndex = 0; path = "libPods-AppsFlyerAIRExtension-Strict.a"; sourceTree = BUILT_PRODUCTS_DIR; };
		61971A2697F70BF3B45EB23C /* Pods-AppsFlyerAIRExtension.release.xcconfig */ = {isa = PBXFileReference; includeInIndex = 1; lastKnownFileType = text.xcconfig; name = "Pods-AppsFlyerAIRExtension.release.xcconfig"; path = "Target Support Files/Pods-AppsFlyerAIRExtension/Pods-AppsFlyerAIRExtension.release.xcconfig"; sourceTree = "<group>"; };
		9E74292A4DE217955C292C84 /* Pods-AppsFlyerAIRExtension-Strict.debug.xcconfig */ = {isa = PBXFileReference; includeInIndex = 1; lastKnownFileType = text.xcconfig; name = "Pods-AppsFlyerAIRExtension-Strict.debug.xcconfig"; path = "Target Support Files/Pods-AppsFlyerAIRExtension-Strict/Pods-AppsFlyerAIRExtension-Strict.debug.xcconfig"; sourceTree = "<group>"; };
		B1BD065998DD20FE0B3946BE /* libPods-AppsFlyerAIRExtension.a */ = {isa = PBXFileReference; explicitFileType = archive.ar; includeInIndex = 0; path = "libPods-AppsFlyerAIRExtension.a"; sourceTree = BUILT_PRODUCTS_DIR; };
		BD337F422A796DD300DD4501 /* libAppsFlyerAIRExtension.a */ = {isa = PBXFileReference; explicitFileType = archive.ar; includeInIndex = 0; path = libAppsFlyerAIRExtension.a; sourceTree = BUILT_PRODUCTS_DIR; };
		BD337F452A796DD300DD4501 /* AppsFlyerAIRExtension.h */ = {isa = PBXFileReference; lastKnownFileType = sourcecode.c.h; path = AppsFlyerAIRExtension.h; sourceTree = "<group>"; };
		BD337F462A796DD300DD4501 /* AppsFlyerAIRExtension.m */ = {isa = PBXFileReference; lastKnownFileType = sourcecode.c.objc; path = AppsFlyerAIRExtension.m; sourceTree = "<group>"; };
		BD337F522A796EE300DD4501 /* libAppsFlyerAIRExtension-Strict.a */ = {isa = PBXFileReference; explicitFileType = archive.ar; includeInIndex = 0; path = "libAppsFlyerAIRExtension-Strict.a"; sourceTree = BUILT_PRODUCTS_DIR; };
		BD337F5B2A7978DC00DD4501 /* FlashRuntimeExtensions.h */ = {isa = PBXFileReference; fileEncoding = 4; lastKnownFileType = sourcecode.c.h; path = FlashRuntimeExtensions.h; sourceTree = "<group>"; };
		BD337F5C2A79792200DD4501 /* AppsFlyerDelegate.h */ = {isa = PBXFileReference; fileEncoding = 4; lastKnownFileType = sourcecode.c.h; path = AppsFlyerDelegate.h; sourceTree = "<group>"; };
		BD337F5D2A79792200DD4501 /* AppsFlyerDelegate.m */ = {isa = PBXFileReference; fileEncoding = 4; lastKnownFileType = sourcecode.c.objc; path = AppsFlyerDelegate.m; sourceTree = "<group>"; };
		E6FB30F8251A5BD982106DD1 /* Pods-AppsFlyerAIRExtension.debug.xcconfig */ = {isa = PBXFileReference; includeInIndex = 1; lastKnownFileType = text.xcconfig; name = "Pods-AppsFlyerAIRExtension.debug.xcconfig"; path = "Target Support Files/Pods-AppsFlyerAIRExtension/Pods-AppsFlyerAIRExtension.debug.xcconfig"; sourceTree = "<group>"; };
/* End PBXFileReference section */

/* Begin PBXFrameworksBuildPhase section */
		BD337F3F2A796DD300DD4501 /* Frameworks */ = {
			isa = PBXFrameworksBuildPhase;
			buildActionMask = 2147483647;
			files = (
				10A464833914BC1C58110896 /* libPods-AppsFlyerAIRExtension.a in Frameworks */,
			);
			runOnlyForDeploymentPostprocessing = 0;
		};
		BD337F4F2A796EE300DD4501 /* Frameworks */ = {
			isa = PBXFrameworksBuildPhase;
			buildActionMask = 2147483647;
			files = (
				CD708D2CAED59890507DDD7A /* libPods-AppsFlyerAIRExtension-Strict.a in Frameworks */,
			);
			runOnlyForDeploymentPostprocessing = 0;
		};
/* End PBXFrameworksBuildPhase section */

/* Begin PBXGroup section */
		AA366050CC2D08827465F118 /* Frameworks */ = {
			isa = PBXGroup;
			children = (
				B1BD065998DD20FE0B3946BE /* libPods-AppsFlyerAIRExtension.a */,
				4B017CF9E3E1CB829D2B6DCD /* libPods-AppsFlyerAIRExtension-Strict.a */,
			);
			name = Frameworks;
			sourceTree = "<group>";
		};
		BD337F392A796DD300DD4501 = {
			isa = PBXGroup;
			children = (
				BD337F5B2A7978DC00DD4501 /* FlashRuntimeExtensions.h */,
				BD337F442A796DD300DD4501 /* AppsFlyerAIRExtension */,
				BD337F432A796DD300DD4501 /* Products */,
				DFFDC6EA006066D6881CB061 /* Pods */,
				AA366050CC2D08827465F118 /* Frameworks */,
			);
			sourceTree = "<group>";
		};
		BD337F432A796DD300DD4501 /* Products */ = {
			isa = PBXGroup;
			children = (
				BD337F422A796DD300DD4501 /* libAppsFlyerAIRExtension.a */,
				BD337F522A796EE300DD4501 /* libAppsFlyerAIRExtension-Strict.a */,
			);
			name = Products;
			sourceTree = "<group>";
		};
		BD337F442A796DD300DD4501 /* AppsFlyerAIRExtension */ = {
			isa = PBXGroup;
			children = (
				BD337F5C2A79792200DD4501 /* AppsFlyerDelegate.h */,
				BD337F5D2A79792200DD4501 /* AppsFlyerDelegate.m */,
				BD337F452A796DD300DD4501 /* AppsFlyerAIRExtension.h */,
				BD337F462A796DD300DD4501 /* AppsFlyerAIRExtension.m */,
			);
			path = AppsFlyerAIRExtension;
			sourceTree = "<group>";
		};
		DFFDC6EA006066D6881CB061 /* Pods */ = {
			isa = PBXGroup;
			children = (
				E6FB30F8251A5BD982106DD1 /* Pods-AppsFlyerAIRExtension.debug.xcconfig */,
				61971A2697F70BF3B45EB23C /* Pods-AppsFlyerAIRExtension.release.xcconfig */,
				9E74292A4DE217955C292C84 /* Pods-AppsFlyerAIRExtension-Strict.debug.xcconfig */,
				37EAC4330278F72BB3255DC8 /* Pods-AppsFlyerAIRExtension-Strict.release.xcconfig */,
			);
			path = Pods;
			sourceTree = "<group>";
		};
/* End PBXGroup section */

/* Begin PBXNativeTarget section */
		BD337F412A796DD300DD4501 /* AppsFlyerAIRExtension */ = {
			isa = PBXNativeTarget;
			buildConfigurationList = BD337F4B2A796DD300DD4501 /* Build configuration list for PBXNativeTarget "AppsFlyerAIRExtension" */;
			buildPhases = (
				185E9E22F3755244210DFBA6 /* [CP] Check Pods Manifest.lock */,
				BD337F3E2A796DD300DD4501 /* Sources */,
				BD337F3F2A796DD300DD4501 /* Frameworks */,
				BD337F402A796DD300DD4501 /* CopyFiles */,
			);
			buildRules = (
			);
			dependencies = (
			);
			name = AppsFlyerAIRExtension;
			productName = AppsFlyerAIRExtension;
			productReference = BD337F422A796DD300DD4501 /* libAppsFlyerAIRExtension.a */;
			productType = "com.apple.product-type.library.static";
		};
		BD337F512A796EE300DD4501 /* AppsFlyerAIRExtension-Strict */ = {
			isa = PBXNativeTarget;
			buildConfigurationList = BD337F5A2A796EE300DD4501 /* Build configuration list for PBXNativeTarget "AppsFlyerAIRExtension-Strict" */;
			buildPhases = (
				2FF200A8C765985E3A8025C7 /* [CP] Check Pods Manifest.lock */,
				BD337F4E2A796EE300DD4501 /* Sources */,
				BD337F4F2A796EE300DD4501 /* Frameworks */,
				BD337F502A796EE300DD4501 /* CopyFiles */,
			);
			buildRules = (
			);
			dependencies = (
			);
			name = "AppsFlyerAIRExtension-Strict";
			productName = "AppsFlyerAIRExtension-Strict";
			productReference = BD337F522A796EE300DD4501 /* libAppsFlyerAIRExtension-Strict.a */;
			productType = "com.apple.product-type.library.static";
		};
/* End PBXNativeTarget section */

/* Begin PBXProject section */
		BD337F3A2A796DD300DD4501 /* Project object */ = {
			isa = PBXProject;
			attributes = {
				BuildIndependentTargetsInParallel = 1;
				LastUpgradeCheck = 1420;
				TargetAttributes = {
					BD337F412A796DD300DD4501 = {
						CreatedOnToolsVersion = 14.2;
					};
					BD337F512A796EE300DD4501 = {
						CreatedOnToolsVersion = 14.2;
					};
				};
			};
			buildConfigurationList = BD337F3D2A796DD300DD4501 /* Build configuration list for PBXProject "AppsFlyerAIRExtension" */;
			compatibilityVersion = "Xcode 13.0";
			developmentRegion = en;
			hasScannedForEncodings = 0;
			knownRegions = (
				en,
				Base,
			);
			mainGroup = BD337F392A796DD300DD4501;
			productRefGroup = BD337F432A796DD300DD4501 /* Products */;
			projectDirPath = "";
			projectRoot = "";
			targets = (
				BD337F412A796DD300DD4501 /* AppsFlyerAIRExtension */,
				BD337F512A796EE300DD4501 /* AppsFlyerAIRExtension-Strict */,
			);
		};
/* End PBXProject section */

/* Begin PBXShellScriptBuildPhase section */
		185E9E22F3755244210DFBA6 /* [CP] Check Pods Manifest.lock */ = {
			isa = PBXShellScriptBuildPhase;
			buildActionMask = 2147483647;
			files = (
			);
			inputFileListPaths = (
			);
			inputPaths = (
				"${PODS_PODFILE_DIR_PATH}/Podfile.lock",
				"${PODS_ROOT}/Manifest.lock",
			);
			name = "[CP] Check Pods Manifest.lock";
			outputFileListPaths = (
			);
			outputPaths = (
				"$(DERIVED_FILE_DIR)/Pods-AppsFlyerAIRExtension-checkManifestLockResult.txt",
			);
			runOnlyForDeploymentPostprocessing = 0;
			shellPath = /bin/sh;
			shellScript = "diff \"${PODS_PODFILE_DIR_PATH}/Podfile.lock\" \"${PODS_ROOT}/Manifest.lock\" > /dev/null\nif [ $? != 0 ] ; then\n    # print error to STDERR\n    echo \"error: The sandbox is not in sync with the Podfile.lock. Run 'pod install' or update your CocoaPods installation.\" >&2\n    exit 1\nfi\n# This output is used by Xcode 'outputs' to avoid re-running this script phase.\necho \"SUCCESS\" > \"${SCRIPT_OUTPUT_FILE_0}\"\n";
			showEnvVarsInLog = 0;
		};
		2FF200A8C765985E3A8025C7 /* [CP] Check Pods Manifest.lock */ = {
			isa = PBXShellScriptBuildPhase;
			buildActionMask = 2147483647;
			files = (
			);
			inputFileListPaths = (
			);
			inputPaths = (
				"${PODS_PODFILE_DIR_PATH}/Podfile.lock",
				"${PODS_ROOT}/Manifest.lock",
			);
			name = "[CP] Check Pods Manifest.lock";
			outputFileListPaths = (
			);
			outputPaths = (
				"$(DERIVED_FILE_DIR)/Pods-AppsFlyerAIRExtension-Strict-checkManifestLockResult.txt",
			);
			runOnlyForDeploymentPostprocessing = 0;
			shellPath = /bin/sh;
			shellScript = "diff \"${PODS_PODFILE_DIR_PATH}/Podfile.lock\" \"${PODS_ROOT}/Manifest.lock\" > /dev/null\nif [ $? != 0 ] ; then\n    # print error to STDERR\n    echo \"error: The sandbox is not in sync with the Podfile.lock. Run 'pod install' or update your CocoaPods installation.\" >&2\n    exit 1\nfi\n# This output is used by Xcode 'outputs' to avoid re-running this script phase.\necho \"SUCCESS\" > \"${SCRIPT_OUTPUT_FILE_0}\"\n";
			showEnvVarsInLog = 0;
		};
/* End PBXShellScriptBuildPhase section */

/* Begin PBXSourcesBuildPhase section */
		BD337F3E2A796DD300DD4501 /* Sources */ = {
			isa = PBXSourcesBuildPhase;
			buildActionMask = 2147483647;
			files = (
				BD337F472A796DD300DD4501 /* AppsFlyerAIRExtension.m in Sources */,
				BD337F5E2A79792200DD4501 /* AppsFlyerDelegate.m in Sources */,
			);
			runOnlyForDeploymentPostprocessing = 0;
		};
		BD337F4E2A796EE300DD4501 /* Sources */ = {
			isa = PBXSourcesBuildPhase;
			buildActionMask = 2147483647;
			files = (
				BD337F5F2A79792200DD4501 /* AppsFlyerDelegate.m in Sources */,
				BD337F602A79792D00DD4501 /* AppsFlyerAIRExtension.m in Sources */,
			);
			runOnlyForDeploymentPostprocessing = 0;
		};
/* End PBXSourcesBuildPhase section */

/* Begin XCBuildConfiguration section */
		BD337F492A796DD300DD4501 /* Debug */ = {
			isa = XCBuildConfiguration;
			buildSettings = {
				ALWAYS_SEARCH_USER_PATHS = NO;
				CLANG_ANALYZER_NONNULL = YES;
				CLANG_ANALYZER_NUMBER_OBJECT_CONVERSION = YES_AGGRESSIVE;
				CLANG_CXX_LANGUAGE_STANDARD = "gnu++20";
				CLANG_ENABLE_MODULES = YES;
				CLANG_ENABLE_OBJC_ARC = YES;
				CLANG_ENABLE_OBJC_WEAK = YES;
				CLANG_WARN_BLOCK_CAPTURE_AUTORELEASING = YES;
				CLANG_WARN_BOOL_CONVERSION = YES;
				CLANG_WARN_COMMA = YES;
				CLANG_WARN_CONSTANT_CONVERSION = YES;
				CLANG_WARN_DEPRECATED_OBJC_IMPLEMENTATIONS = YES;
				CLANG_WARN_DIRECT_OBJC_ISA_USAGE = YES_ERROR;
				CLANG_WARN_DOCUMENTATION_COMMENTS = YES;
				CLANG_WARN_EMPTY_BODY = YES;
				CLANG_WARN_ENUM_CONVERSION = YES;
				CLANG_WARN_INFINITE_RECURSION = YES;
				CLANG_WARN_INT_CONVERSION = YES;
				CLANG_WARN_NON_LITERAL_NULL_CONVERSION = YES;
				CLANG_WARN_OBJC_IMPLICIT_RETAIN_SELF = YES;
				CLANG_WARN_OBJC_LITERAL_CONVERSION = YES;
				CLANG_WARN_OBJC_ROOT_CLASS = YES_ERROR;
				CLANG_WARN_QUOTED_INCLUDE_IN_FRAMEWORK_HEADER = YES;
				CLANG_WARN_RANGE_LOOP_ANALYSIS = YES;
				CLANG_WARN_STRICT_PROTOTYPES = YES;
				CLANG_WARN_SUSPICIOUS_MOVE = YES;
				CLANG_WARN_UNGUARDED_AVAILABILITY = YES_AGGRESSIVE;
				CLANG_WARN_UNREACHABLE_CODE = YES;
				CLANG_WARN__DUPLICATE_METHOD_MATCH = YES;
				COPY_PHASE_STRIP = NO;
				DEBUG_INFORMATION_FORMAT = dwarf;
				ENABLE_STRICT_OBJC_MSGSEND = YES;
				ENABLE_TESTABILITY = YES;
				GCC_C_LANGUAGE_STANDARD = gnu11;
				GCC_DYNAMIC_NO_PIC = NO;
				GCC_NO_COMMON_BLOCKS = YES;
				GCC_OPTIMIZATION_LEVEL = 0;
				GCC_PREPROCESSOR_DEFINITIONS = (
					"DEBUG=1",
					"$(inherited)",
				);
				GCC_WARN_64_TO_32_BIT_CONVERSION = YES;
				GCC_WARN_ABOUT_RETURN_TYPE = YES_ERROR;
				GCC_WARN_UNDECLARED_SELECTOR = YES;
				GCC_WARN_UNINITIALIZED_AUTOS = YES_AGGRESSIVE;
				GCC_WARN_UNUSED_FUNCTION = YES;
				GCC_WARN_UNUSED_VARIABLE = YES;
				IPHONEOS_DEPLOYMENT_TARGET = 12.0;
				MTL_ENABLE_DEBUG_INFO = INCLUDE_SOURCE;
				MTL_FAST_MATH = YES;
				ONLY_ACTIVE_ARCH = YES;
				SDKROOT = iphoneos;
			};
			name = Debug;
		};
		BD337F4A2A796DD300DD4501 /* Release */ = {
			isa = XCBuildConfiguration;
			buildSettings = {
				ALWAYS_SEARCH_USER_PATHS = NO;
				CLANG_ANALYZER_NONNULL = YES;
				CLANG_ANALYZER_NUMBER_OBJECT_CONVERSION = YES_AGGRESSIVE;
				CLANG_CXX_LANGUAGE_STANDARD = "gnu++20";
				CLANG_ENABLE_MODULES = YES;
				CLANG_ENABLE_OBJC_ARC = YES;
				CLANG_ENABLE_OBJC_WEAK = YES;
				CLANG_WARN_BLOCK_CAPTURE_AUTORELEASING = YES;
				CLANG_WARN_BOOL_CONVERSION = YES;
				CLANG_WARN_COMMA = YES;
				CLANG_WARN_CONSTANT_CONVERSION = YES;
				CLANG_WARN_DEPRECATED_OBJC_IMPLEMENTATIONS = YES;
				CLANG_WARN_DIRECT_OBJC_ISA_USAGE = YES_ERROR;
				CLANG_WARN_DOCUMENTATION_COMMENTS = YES;
				CLANG_WARN_EMPTY_BODY = YES;
				CLANG_WARN_ENUM_CONVERSION = YES;
				CLANG_WARN_INFINITE_RECURSION = YES;
				CLANG_WARN_INT_CONVERSION = YES;
				CLANG_WARN_NON_LITERAL_NULL_CONVERSION = YES;
				CLANG_WARN_OBJC_IMPLICIT_RETAIN_SELF = YES;
				CLANG_WARN_OBJC_LITERAL_CONVERSION = YES;
				CLANG_WARN_OBJC_ROOT_CLASS = YES_ERROR;
				CLANG_WARN_QUOTED_INCLUDE_IN_FRAMEWORK_HEADER = YES;
				CLANG_WARN_RANGE_LOOP_ANALYSIS = YES;
				CLANG_WARN_STRICT_PROTOTYPES = YES;
				CLANG_WARN_SUSPICIOUS_MOVE = YES;
				CLANG_WARN_UNGUARDED_AVAILABILITY = YES_AGGRESSIVE;
				CLANG_WARN_UNREACHABLE_CODE = YES;
				CLANG_WARN__DUPLICATE_METHOD_MATCH = YES;
				COPY_PHASE_STRIP = NO;
				DEBUG_INFORMATION_FORMAT = "dwarf-with-dsym";
				ENABLE_NS_ASSERTIONS = NO;
				ENABLE_STRICT_OBJC_MSGSEND = YES;
				GCC_C_LANGUAGE_STANDARD = gnu11;
				GCC_NO_COMMON_BLOCKS = YES;
				GCC_WARN_64_TO_32_BIT_CONVERSION = YES;
				GCC_WARN_ABOUT_RETURN_TYPE = YES_ERROR;
				GCC_WARN_UNDECLARED_SELECTOR = YES;
				GCC_WARN_UNINITIALIZED_AUTOS = YES_AGGRESSIVE;
				GCC_WARN_UNUSED_FUNCTION = YES;
				GCC_WARN_UNUSED_VARIABLE = YES;
				IPHONEOS_DEPLOYMENT_TARGET = 12.0;
				MTL_ENABLE_DEBUG_INFO = NO;
				MTL_FAST_MATH = YES;
				SDKROOT = iphoneos;
				VALIDATE_PRODUCT = YES;
			};
			name = Release;
		};
		BD337F4C2A796DD300DD4501 /* Debug */ = {
			isa = XCBuildConfiguration;
			baseConfigurationReference = E6FB30F8251A5BD982106DD1 /* Pods-AppsFlyerAIRExtension.debug.xcconfig */;
			buildSettings = {
				CODE_SIGN_STYLE = Automatic;
				DEVELOPMENT_TEAM = 6UQAD4B3U2;
				OTHER_LDFLAGS = "-ObjC";
				PRODUCT_NAME = "$(TARGET_NAME)";
				SKIP_INSTALL = YES;
				TARGETED_DEVICE_FAMILY = "1,2";
			};
			name = Debug;
		};
		BD337F4D2A796DD300DD4501 /* Release */ = {
			isa = XCBuildConfiguration;
			baseConfigurationReference = 61971A2697F70BF3B45EB23C /* Pods-AppsFlyerAIRExtension.release.xcconfig */;
			buildSettings = {
				CODE_SIGN_STYLE = Automatic;
				DEVELOPMENT_TEAM = 6UQAD4B3U2;
				OTHER_LDFLAGS = "-ObjC";
				PRODUCT_NAME = "$(TARGET_NAME)";
				SKIP_INSTALL = YES;
				TARGETED_DEVICE_FAMILY = "1,2";
			};
			name = Release;
		};
		BD337F582A796EE300DD4501 /* Debug */ = {
			isa = XCBuildConfiguration;
			baseConfigurationReference = 9E74292A4DE217955C292C84 /* Pods-AppsFlyerAIRExtension-Strict.debug.xcconfig */;
			buildSettings = {
				CODE_SIGN_STYLE = Automatic;
				DEVELOPMENT_TEAM = 6UQAD4B3U2;
				OTHER_LDFLAGS = "-ObjC";
				PRODUCT_NAME = "$(TARGET_NAME)";
				SKIP_INSTALL = YES;
				TARGETED_DEVICE_FAMILY = "1,2";
			};
			name = Debug;
		};
		BD337F592A796EE300DD4501 /* Release */ = {
			isa = XCBuildConfiguration;
			baseConfigurationReference = 37EAC4330278F72BB3255DC8 /* Pods-AppsFlyerAIRExtension-Strict.release.xcconfig */;
			buildSettings = {
				CODE_SIGN_STYLE = Automatic;
				DEVELOPMENT_TEAM = 6UQAD4B3U2;
				OTHER_LDFLAGS = "-ObjC";
				PRODUCT_NAME = "$(TARGET_NAME)";
				SKIP_INSTALL = YES;
				TARGETED_DEVICE_FAMILY = "1,2";
			};
			name = Release;
		};
/* End XCBuildConfiguration section */

/* Begin XCConfigurationList section */
		BD337F3D2A796DD300DD4501 /* Build configuration list for PBXProject "AppsFlyerAIRExtension" */ = {
			isa = XCConfigurationList;
			buildConfigurations = (
				BD337F492A796DD300DD4501 /* Debug */,
				BD337F4A2A796DD300DD4501 /* Release */,
			);
			defaultConfigurationIsVisible = 0;
			defaultConfigurationName = Release;
		};
		BD337F4B2A796DD300DD4501 /* Build configuration list for PBXNativeTarget "AppsFlyerAIRExtension" */ = {
			isa = XCConfigurationList;
			buildConfigurations = (
				BD337F4C2A796DD300DD4501 /* Debug */,
				BD337F4D2A796DD300DD4501 /* Release */,
			);
			defaultConfigurationIsVisible = 0;
			defaultConfigurationName = Release;
		};
		BD337F5A2A796EE300DD4501 /* Build configuration list for PBXNativeTarget "AppsFlyerAIRExtension-Strict" */ = {
			isa = XCConfigurationList;
			buildConfigurations = (
				BD337F582A796EE300DD4501 /* Debug */,
				BD337F592A796EE300DD4501 /* Release */,
			);
			defaultConfigurationIsVisible = 0;
			defaultConfigurationName = Release;
		};
/* End XCConfigurationList section */
	};
	rootObject = BD337F3A2A796DD300DD4501 /* Project object */;
}
