// !$*UTF8*$!
{
	archiveVersion = 1;
	classes = {
	};
	objectVersion = 46;
	objects = {

/* Begin PBXBuildFile section */
		848D0E7C1986B443004E8542 /* AdSupport.framework in Frameworks */ = {isa = PBXBuildFile; fileRef = 848D0E7619814C06004E8542 /* AdSupport.framework */; };
		848D0E7D1986B45C004E8542 /* iAd.framework in Frameworks */ = {isa = PBXBuildFile; fileRef = 848D0E7819814C0D004E8542 /* iAd.framework */; };
		84D809111DA63B6A00A13114 /* StoreKit.framework in Frameworks */ = {isa = PBXBuildFile; fileRef = 84D809101DA63B6A00A13114 /* StoreKit.framework */; };
		9D79CF2B256C5B6B0018F0DB /* AppsFlyerAIRExtension.m in Sources */ = {isa = PBXBuildFile; fileRef = AACAB241185624FE00C55EB7 /* AppsFlyerAIRExtension.m */; };
		9D79CF2C256C5B6B0018F0DB /* AppsFlyerDelegate.m in Sources */ = {isa = PBXBuildFile; fileRef = AAA4F9B918E1B2D800C121B5 /* AppsFlyerDelegate.m */; };
		9D79CF2E256C5B6B0018F0DB /* StoreKit.framework in Frameworks */ = {isa = PBXBuildFile; fileRef = 84D809101DA63B6A00A13114 /* StoreKit.framework */; };
		9D79CF2F256C5B6B0018F0DB /* iAd.framework in Frameworks */ = {isa = PBXBuildFile; fileRef = 848D0E7819814C0D004E8542 /* iAd.framework */; };
		9D79CF30256C5B6B0018F0DB /* AdSupport.framework in Frameworks */ = {isa = PBXBuildFile; fileRef = 848D0E7619814C06004E8542 /* AdSupport.framework */; };
		9D79CF31256C5B6B0018F0DB /* Foundation.framework in Frameworks */ = {isa = PBXBuildFile; fileRef = AACAB23A185624FE00C55EB7 /* Foundation.framework */; settings = {ATTRIBUTES = (Required, ); }; };
		AAA4F9BA18E1B2D800C121B5 /* AppsFlyerDelegate.m in Sources */ = {isa = PBXBuildFile; fileRef = AAA4F9B918E1B2D800C121B5 /* AppsFlyerDelegate.m */; };
		AACAB23B185624FE00C55EB7 /* Foundation.framework in Frameworks */ = {isa = PBXBuildFile; fileRef = AACAB23A185624FE00C55EB7 /* Foundation.framework */; settings = {ATTRIBUTES = (Required, ); }; };
		AACAB242185624FE00C55EB7 /* AppsFlyerAIRExtension.m in Sources */ = {isa = PBXBuildFile; fileRef = AACAB241185624FE00C55EB7 /* AppsFlyerAIRExtension.m */; };
/* End PBXBuildFile section */

/* Begin PBXCopyFilesBuildPhase section */
		9D79CF32256C5B6B0018F0DB /* CopyFiles */ = {
			isa = PBXCopyFilesBuildPhase;
			buildActionMask = 2147483647;
			dstPath = "include/$(PRODUCT_NAME)";
			dstSubfolderSpec = 16;
			files = (
			);
			runOnlyForDeploymentPostprocessing = 0;
		};
		AACAB235185624FE00C55EB7 /* CopyFiles */ = {
			isa = PBXCopyFilesBuildPhase;
			buildActionMask = 2147483647;
			dstPath = "include/$(PRODUCT_NAME)";
			dstSubfolderSpec = 16;
			files = (
			);
			runOnlyForDeploymentPostprocessing = 0;
		};
/* End PBXCopyFilesBuildPhase section */

/* Begin PBXFileReference section */
		848D0E75198140AA004E8542 /* AppsFlyerAIRExtension.h */ = {isa = PBXFileReference; lastKnownFileType = sourcecode.c.h; path = AppsFlyerAIRExtension.h; sourceTree = "<group>"; };
		848D0E7619814C06004E8542 /* AdSupport.framework */ = {isa = PBXFileReference; lastKnownFileType = wrapper.framework; name = AdSupport.framework; path = System/Library/Frameworks/AdSupport.framework; sourceTree = SDKROOT; };
		848D0E7819814C0D004E8542 /* iAd.framework */ = {isa = PBXFileReference; lastKnownFileType = wrapper.framework; name = iAd.framework; path = System/Library/Frameworks/iAd.framework; sourceTree = SDKROOT; };
		848D0E7A19814CA2004E8542 /* libAppsFlyerLib.a */ = {isa = PBXFileReference; lastKnownFileType = archive.ar; path = libAppsFlyerLib.a; sourceTree = "<group>"; };
		84D809101DA63B6A00A13114 /* StoreKit.framework */ = {isa = PBXFileReference; lastKnownFileType = wrapper.framework; name = StoreKit.framework; path = System/Library/Frameworks/StoreKit.framework; sourceTree = SDKROOT; };
		9D79CF36256C5B6B0018F0DB /* libAppsFlyerAIRExtension.a */ = {isa = PBXFileReference; explicitFileType = archive.ar; includeInIndex = 0; path = libAppsFlyerAIRExtension.a; sourceTree = BUILT_PRODUCTS_DIR; };
		AAA4F9B818E1B2D800C121B5 /* AppsFlyerDelegate.h */ = {isa = PBXFileReference; fileEncoding = 4; lastKnownFileType = sourcecode.c.h; path = AppsFlyerDelegate.h; sourceTree = "<group>"; };
		AAA4F9B918E1B2D800C121B5 /* AppsFlyerDelegate.m */ = {isa = PBXFileReference; fileEncoding = 4; lastKnownFileType = sourcecode.c.objc; path = AppsFlyerDelegate.m; sourceTree = "<group>"; };
		AACAB237185624FE00C55EB7 /* libAppsFlyerAIRExtension.a */ = {isa = PBXFileReference; explicitFileType = archive.ar; includeInIndex = 0; path = libAppsFlyerAIRExtension.a; sourceTree = BUILT_PRODUCTS_DIR; };
		AACAB23A185624FE00C55EB7 /* Foundation.framework */ = {isa = PBXFileReference; lastKnownFileType = wrapper.framework; name = Foundation.framework; path = System/Library/Frameworks/Foundation.framework; sourceTree = SDKROOT; };
		AACAB23E185624FE00C55EB7 /* AppsFlyerAIRExtension-Prefix.pch */ = {isa = PBXFileReference; lastKnownFileType = sourcecode.c.h; path = "AppsFlyerAIRExtension-Prefix.pch"; sourceTree = "<group>"; };
		AACAB241185624FE00C55EB7 /* AppsFlyerAIRExtension.m */ = {isa = PBXFileReference; lastKnownFileType = sourcecode.c.objc; path = AppsFlyerAIRExtension.m; sourceTree = "<group>"; };
		AACAB2601856251500C55EB7 /* FlashRuntimeExtensions.h */ = {isa = PBXFileReference; fileEncoding = 4; lastKnownFileType = sourcecode.c.h; path = FlashRuntimeExtensions.h; sourceTree = "<group>"; };
/* End PBXFileReference section */

/* Begin PBXFrameworksBuildPhase section */
		9D79CF2D256C5B6B0018F0DB /* Frameworks */ = {
			isa = PBXFrameworksBuildPhase;
			buildActionMask = 2147483647;
			files = (
				9D79CF2E256C5B6B0018F0DB /* StoreKit.framework in Frameworks */,
				9D79CF2F256C5B6B0018F0DB /* iAd.framework in Frameworks */,
				9D79CF30256C5B6B0018F0DB /* AdSupport.framework in Frameworks */,
				9D79CF31256C5B6B0018F0DB /* Foundation.framework in Frameworks */,
			);
			runOnlyForDeploymentPostprocessing = 0;
		};
		AACAB234185624FE00C55EB7 /* Frameworks */ = {
			isa = PBXFrameworksBuildPhase;
			buildActionMask = 2147483647;
			files = (
				84D809111DA63B6A00A13114 /* StoreKit.framework in Frameworks */,
				848D0E7D1986B45C004E8542 /* iAd.framework in Frameworks */,
				848D0E7C1986B443004E8542 /* AdSupport.framework in Frameworks */,
				AACAB23B185624FE00C55EB7 /* Foundation.framework in Frameworks */,
			);
			runOnlyForDeploymentPostprocessing = 0;
		};
/* End PBXFrameworksBuildPhase section */

/* Begin PBXGroup section */
		AACAB22E185624FE00C55EB7 = {
			isa = PBXGroup;
			children = (
				AACAB23C185624FE00C55EB7 /* AppsFlyerAIRExtension */,
				AACAB239185624FE00C55EB7 /* Frameworks */,
				AACAB238185624FE00C55EB7 /* Products */,
			);
			sourceTree = "<group>";
		};
		AACAB238185624FE00C55EB7 /* Products */ = {
			isa = PBXGroup;
			children = (
				AACAB237185624FE00C55EB7 /* libAppsFlyerAIRExtension.a */,
				9D79CF36256C5B6B0018F0DB /* libAppsFlyerAIRExtension.a */,
			);
			name = Products;
			sourceTree = "<group>";
		};
		AACAB239185624FE00C55EB7 /* Frameworks */ = {
			isa = PBXGroup;
			children = (
				84D809101DA63B6A00A13114 /* StoreKit.framework */,
				848D0E7A19814CA2004E8542 /* libAppsFlyerLib.a */,
				848D0E7819814C0D004E8542 /* iAd.framework */,
				848D0E7619814C06004E8542 /* AdSupport.framework */,
				AACAB23A185624FE00C55EB7 /* Foundation.framework */,
			);
			name = Frameworks;
			sourceTree = "<group>";
		};
		AACAB23C185624FE00C55EB7 /* AppsFlyerAIRExtension */ = {
			isa = PBXGroup;
			children = (
				AACAB2601856251500C55EB7 /* FlashRuntimeExtensions.h */,
				848D0E75198140AA004E8542 /* AppsFlyerAIRExtension.h */,
				AACAB241185624FE00C55EB7 /* AppsFlyerAIRExtension.m */,
				AAA4F9B818E1B2D800C121B5 /* AppsFlyerDelegate.h */,
				AAA4F9B918E1B2D800C121B5 /* AppsFlyerDelegate.m */,
				AACAB23D185624FE00C55EB7 /* Supporting Files */,
			);
			path = AppsFlyerAIRExtension;
			sourceTree = "<group>";
		};
		AACAB23D185624FE00C55EB7 /* Supporting Files */ = {
			isa = PBXGroup;
			children = (
				AACAB23E185624FE00C55EB7 /* AppsFlyerAIRExtension-Prefix.pch */,
			);
			name = "Supporting Files";
			sourceTree = "<group>";
		};
/* End PBXGroup section */

/* Begin PBXNativeTarget section */
		9D79CF29256C5B6B0018F0DB /* Strict */ = {
			isa = PBXNativeTarget;
			buildConfigurationList = 9D79CF33256C5B6B0018F0DB /* Build configuration list for PBXNativeTarget "Strict" */;
			buildPhases = (
				9D79CF2A256C5B6B0018F0DB /* Sources */,
				9D79CF2D256C5B6B0018F0DB /* Frameworks */,
				9D79CF32256C5B6B0018F0DB /* CopyFiles */,
			);
			buildRules = (
			);
			dependencies = (
			);
			name = Strict;
			productName = AdobeeAirExtensionIOS;
			productReference = 9D79CF36256C5B6B0018F0DB /* libAppsFlyerAIRExtension.a */;
			productType = "com.apple.product-type.library.static";
		};
		AACAB236185624FE00C55EB7 /* AppsFlyerAIRExtension */ = {
			isa = PBXNativeTarget;
			buildConfigurationList = AACAB25A185624FE00C55EB7 /* Build configuration list for PBXNativeTarget "AppsFlyerAIRExtension" */;
			buildPhases = (
				AACAB233185624FE00C55EB7 /* Sources */,
				AACAB234185624FE00C55EB7 /* Frameworks */,
				AACAB235185624FE00C55EB7 /* CopyFiles */,
			);
			buildRules = (
			);
			dependencies = (
			);
			name = AppsFlyerAIRExtension;
			productName = AdobeeAirExtensionIOS;
			productReference = AACAB237185624FE00C55EB7 /* libAppsFlyerAIRExtension.a */;
			productType = "com.apple.product-type.library.static";
		};
/* End PBXNativeTarget section */

/* Begin PBXProject section */
		AACAB22F185624FE00C55EB7 /* Project object */ = {
			isa = PBXProject;
			attributes = {
				KnownAssetTags = (
					New,
				);
				LastUpgradeCheck = 0700;
				ORGANIZATIONNAME = "Oren Baranes";
			};
			buildConfigurationList = AACAB232185624FE00C55EB7 /* Build configuration list for PBXProject "AppsFlyerAIRExtension" */;
			compatibilityVersion = "Xcode 3.2";
			developmentRegion = English;
			hasScannedForEncodings = 0;
			knownRegions = (
				English,
				en,
			);
			mainGroup = AACAB22E185624FE00C55EB7;
			productRefGroup = AACAB238185624FE00C55EB7 /* Products */;
			projectDirPath = "";
			projectRoot = "";
			targets = (
				AACAB236185624FE00C55EB7 /* AppsFlyerAIRExtension */,
				9D79CF29256C5B6B0018F0DB /* Strict */,
			);
		};
/* End PBXProject section */

/* Begin PBXSourcesBuildPhase section */
		9D79CF2A256C5B6B0018F0DB /* Sources */ = {
			isa = PBXSourcesBuildPhase;
			buildActionMask = 2147483647;
			files = (
				9D79CF2B256C5B6B0018F0DB /* AppsFlyerAIRExtension.m in Sources */,
				9D79CF2C256C5B6B0018F0DB /* AppsFlyerDelegate.m in Sources */,
			);
			runOnlyForDeploymentPostprocessing = 0;
		};
		AACAB233185624FE00C55EB7 /* Sources */ = {
			isa = PBXSourcesBuildPhase;
			buildActionMask = 2147483647;
			files = (
				AACAB242185624FE00C55EB7 /* AppsFlyerAIRExtension.m in Sources */,
				AAA4F9BA18E1B2D800C121B5 /* AppsFlyerDelegate.m in Sources */,
			);
			runOnlyForDeploymentPostprocessing = 0;
		};
/* End PBXSourcesBuildPhase section */

/* Begin XCBuildConfiguration section */
		9D79CF34256C5B6B0018F0DB /* Debug */ = {
			isa = XCBuildConfiguration;
			buildSettings = {
				DSTROOT = /tmp/AdobeeAirExtensionIOS.dst;
				GCC_PRECOMPILE_PREFIX_HEADER = YES;
				GCC_PREFIX_HEADER = "AppsFlyerAIRExtension/AppsFlyerAIRExtension-Prefix.pch";
				GCC_PREPROCESSOR_DEFINITIONS = (
					"$STRICT=1",
					"DEBUG=1",
					"$(inherited)",
				);
				LIBRARY_SEARCH_PATHS = (
					"$(inherited)",
					/Users/orenb/AppsFlyer/Dev/workspace/AdobeeAirExtensionIOS,
					"$(PROJECT_DIR)",
				);
				ONLY_ACTIVE_ARCH = NO;
				OTHER_LDFLAGS = "-ObjC";
				PRODUCT_NAME = AppsFlyerAIRExtension;
				SKIP_INSTALL = YES;
				VALID_ARCHS = "armv7 armv7s arm64";
			};
			name = Debug;
		};
		9D79CF35256C5B6B0018F0DB /* Release */ = {
			isa = XCBuildConfiguration;
			buildSettings = {
				DSTROOT = /tmp/AdobeeAirExtensionIOS.dst;
				GCC_PRECOMPILE_PREFIX_HEADER = YES;
				GCC_PREFIX_HEADER = "AppsFlyerAIRExtension/AppsFlyerAIRExtension-Prefix.pch";
				GCC_PREPROCESSOR_DEFINITIONS = "$STRICT=1";
				LIBRARY_SEARCH_PATHS = (
					"$(inherited)",
					/Users/orenb/AppsFlyer/Dev/workspace/AdobeeAirExtensionIOS,
					"$(PROJECT_DIR)",
				);
				ONLY_ACTIVE_ARCH = NO;
				OTHER_LDFLAGS = "-ObjC";
				PRODUCT_NAME = AppsFlyerAIRExtension;
				SKIP_INSTALL = YES;
				VALID_ARCHS = "armv7 armv7s arm64";
			};
			name = Release;
		};
		AACAB258185624FE00C55EB7 /* Debug */ = {
			isa = XCBuildConfiguration;
			buildSettings = {
				ALWAYS_SEARCH_USER_PATHS = NO;
				CLANG_CXX_LANGUAGE_STANDARD = "gnu++0x";
				CLANG_CXX_LIBRARY = "libc++";
				CLANG_ENABLE_MODULES = YES;
				CLANG_ENABLE_OBJC_ARC = YES;
				CLANG_WARN_BOOL_CONVERSION = YES;
				CLANG_WARN_CONSTANT_CONVERSION = YES;
				CLANG_WARN_DIRECT_OBJC_ISA_USAGE = YES_ERROR;
				CLANG_WARN_EMPTY_BODY = YES;
				CLANG_WARN_ENUM_CONVERSION = YES;
				CLANG_WARN_INT_CONVERSION = YES;
				CLANG_WARN_OBJC_ROOT_CLASS = YES_ERROR;
				CLANG_WARN__DUPLICATE_METHOD_MATCH = YES;
				COPY_PHASE_STRIP = NO;
				ENABLE_TESTABILITY = YES;
				GCC_C_LANGUAGE_STANDARD = gnu99;
				GCC_DYNAMIC_NO_PIC = NO;
				GCC_OPTIMIZATION_LEVEL = 0;
				GCC_PREPROCESSOR_DEFINITIONS = (
					"DEBUG=1",
					"$(inherited)",
				);
				GCC_SYMBOLS_PRIVATE_EXTERN = NO;
				GCC_WARN_64_TO_32_BIT_CONVERSION = YES;
				GCC_WARN_ABOUT_RETURN_TYPE = YES_ERROR;
				GCC_WARN_UNDECLARED_SELECTOR = YES;
				GCC_WARN_UNINITIALIZED_AUTOS = YES;
				GCC_WARN_UNUSED_FUNCTION = YES;
				GCC_WARN_UNUSED_VARIABLE = YES;
				IPHONEOS_DEPLOYMENT_TARGET = 9.0;
				ONLY_ACTIVE_ARCH = NO;
				SDKROOT = iphoneos;
			};
			name = Debug;
		};
		AACAB259185624FE00C55EB7 /* Release */ = {
			isa = XCBuildConfiguration;
			buildSettings = {
				ALWAYS_SEARCH_USER_PATHS = NO;
				CLANG_CXX_LANGUAGE_STANDARD = "gnu++0x";
				CLANG_CXX_LIBRARY = "libc++";
				CLANG_ENABLE_MODULES = YES;
				CLANG_ENABLE_OBJC_ARC = YES;
				CLANG_WARN_BOOL_CONVERSION = YES;
				CLANG_WARN_CONSTANT_CONVERSION = YES;
				CLANG_WARN_DIRECT_OBJC_ISA_USAGE = YES_ERROR;
				CLANG_WARN_EMPTY_BODY = YES;
				CLANG_WARN_ENUM_CONVERSION = YES;
				CLANG_WARN_INT_CONVERSION = YES;
				CLANG_WARN_OBJC_ROOT_CLASS = YES_ERROR;
				CLANG_WARN__DUPLICATE_METHOD_MATCH = YES;
				COPY_PHASE_STRIP = YES;
				ENABLE_NS_ASSERTIONS = NO;
				GCC_C_LANGUAGE_STANDARD = gnu99;
				GCC_WARN_64_TO_32_BIT_CONVERSION = YES;
				GCC_WARN_ABOUT_RETURN_TYPE = YES_ERROR;
				GCC_WARN_UNDECLARED_SELECTOR = YES;
				GCC_WARN_UNINITIALIZED_AUTOS = YES;
				GCC_WARN_UNUSED_FUNCTION = YES;
				GCC_WARN_UNUSED_VARIABLE = YES;
				IPHONEOS_DEPLOYMENT_TARGET = 9.0;
				ONLY_ACTIVE_ARCH = NO;
				SDKROOT = iphoneos;
				VALIDATE_PRODUCT = YES;
			};
			name = Release;
		};
		AACAB25B185624FE00C55EB7 /* Debug */ = {
			isa = XCBuildConfiguration;
			buildSettings = {
				DSTROOT = /tmp/AdobeeAirExtensionIOS.dst;
				GCC_PRECOMPILE_PREFIX_HEADER = YES;
				GCC_PREFIX_HEADER = "AppsFlyerAIRExtension/AppsFlyerAIRExtension-Prefix.pch";
				GCC_PREPROCESSOR_DEFINITIONS = (
					"DEBUG=1",
					"$(inherited)",
					"$STRICT=0",
				);
				LIBRARY_SEARCH_PATHS = (
					"$(inherited)",
					/Users/orenb/AppsFlyer/Dev/workspace/AdobeeAirExtensionIOS,
					"$(PROJECT_DIR)",
				);
				ONLY_ACTIVE_ARCH = NO;
				OTHER_LDFLAGS = "-ObjC";
				PRODUCT_NAME = "$(TARGET_NAME)";
				SKIP_INSTALL = YES;
				VALID_ARCHS = "armv7 armv7s arm64";
			};
			name = Debug;
		};
		AACAB25C185624FE00C55EB7 /* Release */ = {
			isa = XCBuildConfiguration;
			buildSettings = {
				DSTROOT = /tmp/AdobeeAirExtensionIOS.dst;
				GCC_PRECOMPILE_PREFIX_HEADER = YES;
				GCC_PREFIX_HEADER = "AppsFlyerAIRExtension/AppsFlyerAIRExtension-Prefix.pch";
				GCC_PREPROCESSOR_DEFINITIONS = "$STRICT=0";
				LIBRARY_SEARCH_PATHS = (
					"$(inherited)",
					/Users/orenb/AppsFlyer/Dev/workspace/AdobeeAirExtensionIOS,
					"$(PROJECT_DIR)",
				);
				ONLY_ACTIVE_ARCH = NO;
				OTHER_LDFLAGS = "-ObjC";
				PRODUCT_NAME = "$(TARGET_NAME)";
				SKIP_INSTALL = YES;
				VALID_ARCHS = "armv7 armv7s arm64";
			};
			name = Release;
		};
/* End XCBuildConfiguration section */

/* Begin XCConfigurationList section */
		9D79CF33256C5B6B0018F0DB /* Build configuration list for PBXNativeTarget "Strict" */ = {
			isa = XCConfigurationList;
			buildConfigurations = (
				9D79CF34256C5B6B0018F0DB /* Debug */,
				9D79CF35256C5B6B0018F0DB /* Release */,
			);
			defaultConfigurationIsVisible = 0;
			defaultConfigurationName = Release;
		};
		AACAB232185624FE00C55EB7 /* Build configuration list for PBXProject "AppsFlyerAIRExtension" */ = {
			isa = XCConfigurationList;
			buildConfigurations = (
				AACAB258185624FE00C55EB7 /* Debug */,
				AACAB259185624FE00C55EB7 /* Release */,
			);
			defaultConfigurationIsVisible = 0;
			defaultConfigurationName = Release;
		};
		AACAB25A185624FE00C55EB7 /* Build configuration list for PBXNativeTarget "AppsFlyerAIRExtension" */ = {
			isa = XCConfigurationList;
			buildConfigurations = (
				AACAB25B185624FE00C55EB7 /* Debug */,
				AACAB25C185624FE00C55EB7 /* Release */,
			);
			defaultConfigurationIsVisible = 0;
			defaultConfigurationName = Release;
		};
/* End XCConfigurationList section */
	};
	rootObject = AACAB22F185624FE00C55EB7 /* Project object */;
}
